
Microsoft Visual Studio Solution File, Format Version 12.00
Project("{FAE04EC0-301F-11D3-BF4B-00C04F79EFBC}") = "Blackjack", "Blackjack\Blackjack.csproj", "{81C976B4-FDD5-45EF-8A60-54F890E8B54F}"
EndProject
Project("{FAE04EC0-301F-11D3-BF4B-00C04F79EFBC}") = "Blackjack.Test", "Blackjack.Test\Blackjack.Test.csproj", "{1A0E0994-2CEC-42D2-A4A5-7ADA431223E1}"
EndProject
Global
	GlobalSection(SolutionConfigurationPlatforms) = preSolution
		Debug|Any CPU = Debug|Any CPU
		Release|Any CPU = Release|Any CPU
	EndGlobalSection
	GlobalSection(ProjectConfigurationPlatforms) = postSolution
		{81C976B4-FDD5-45EF-8A60-54F890E8B54F}.Debug|Any CPU.ActiveCfg = Debug|Any CPU
		{81C976B4-FDD5-45EF-8A60-54F890E8B54F}.Debug|Any CPU.Build.0 = Debug|Any CPU
		{81C976B4-FDD5-45EF-8A60-54F890E8B54F}.Release|Any CPU.ActiveCfg = Release|Any CPU
		{81C976B4-FDD5-45EF-8A60-54F890E8B54F}.Release|Any CPU.Build.0 = Release|Any CPU
		{1A0E0994-2CEC-42D2-A4A5-7ADA431223E1}.Debug|Any CPU.ActiveCfg = Debug|Any CPU
		{1A0E0994-2CEC-42D2-A4A5-7ADA431223E1}.Debug|Any CPU.Build.0 = Debug|Any CPU
		{1A0E0994-2CEC-42D2-A4A5-7ADA431223E1}.Release|Any CPU.ActiveCfg = Release|Any CPU
		{1A0E0994-2CEC-42D2-A4A5-7ADA431223E1}.Release|Any CPU.Build.0 = Release|Any CPU
	EndGlobalSection
EndGlobal
